
Microsoft Visual Studio Solution File, Format Version 12.00
# Visual Studio Version 17
VisualStudioVersion = 17.9.34701.34
MinimumVisualStudioVersion = 10.0.40219.1
Project("{FAE04EC0-301F-11D3-BF4B-00C04F79EFBC}") = "QueueManager", "QueueManager\QueueManager.csproj", "{E5027A59-52F8-440B-80C5-2B8896D3C53E}"
EndProject
Global
	GlobalSection(SolutionConfigurationPlatforms) = preSolution
		Debug|Any CPU = Debug|Any CPU
		Release|Any CPU = Release|Any CPU
	EndGlobalSection
	GlobalSection(ProjectConfigurationPlatforms) = postSolution
		{E5027A59-52F8-440B-80C5-2B8896D3C53E}.Debug|Any CPU.ActiveCfg = Debug|Any CPU
		{E5027A59-52F8-440B-80C5-2B8896D3C53E}.Debug|Any CPU.Build.0 = Debug|Any CPU
		{E5027A59-52F8-440B-80C5-2B8896D3C53E}.Release|Any CPU.ActiveCfg = Release|Any CPU
		{E5027A59-52F8-440B-80C5-2B8896D3C53E}.Release|Any CPU.Build.0 = Release|Any CPU
	EndGlobalSection
	GlobalSection(SolutionProperties) = preSolution
		HideSolutionNode = FALSE
	EndGlobalSection
	GlobalSection(ExtensibilityGlobals) = postSolution
		SolutionGuid = {6292E259-993D-499A-8608-C8D6E51497B9}
	EndGlobalSection
EndGlobal
